
Microsoft Visual Studio Solution File, Format Version 10.00
# Visual C++ Express 2008
Project("{8BC9CEB8-8B4A-11D0-8D11-00A0C91BC942}") = "testmoose", "testmoose\testmoose.vcproj", "{0755A1E4-BCBD-4F12-B69F-A8DC7AF2956F}"
EndProject
Global
	GlobalSection(SolutionConfigurationPlatforms) = preSolution
		Debug|Win32 = Debug|Win32
		Release|Win32 = Release|Win32
	EndGlobalSection
	GlobalSection(ProjectConfigurationPlatforms) = postSolution
		{0755A1E4-BCBD-4F12-B69F-A8DC7AF2956F}.Debug|Win32.ActiveCfg = Release|Win32
		{0755A1E4-BCBD-4F12-B69F-A8DC7AF2956F}.Debug|Win32.Build.0 = Release|Win32
		{0755A1E4-BCBD-4F12-B69F-A8DC7AF2956F}.Release|Win32.ActiveCfg = Release|Win32
		{0755A1E4-BCBD-4F12-B69F-A8DC7AF2956F}.Release|Win32.Build.0 = Release|Win32
	EndGlobalSection
	GlobalSection(SolutionProperties) = preSolution
		HideSolutionNode = FALSE
	EndGlobalSection
EndGlobal
